
Microsoft Visual Studio Solution File, Format Version 12.00
# Visual Studio Version 17
VisualStudioVersion = 17.11.35219.272
MinimumVisualStudioVersion = 10.0.40219.1
Project("{9A19103F-16F7-4668-BE54-9A1E7A4F7556}") = "myOnlineMart", "myOnlineMart.csproj", "{2BB31F57-18DE-4F98-81E3-F0282AAFDD04}"
EndProject
Global
	GlobalSection(SolutionConfigurationPlatforms) = preSolution
		Debug|Any CPU = Debug|Any CPU
		Release|Any CPU = Release|Any CPU
	EndGlobalSection
	GlobalSection(ProjectConfigurationPlatforms) = postSolution
		{2BB31F57-18DE-4F98-81E3-F0282AAFDD04}.Debug|Any CPU.ActiveCfg = Debug|Any CPU
		{2BB31F57-18DE-4F98-81E3-F0282AAFDD04}.Debug|Any CPU.Build.0 = Debug|Any CPU
		{2BB31F57-18DE-4F98-81E3-F0282AAFDD04}.Release|Any CPU.ActiveCfg = Release|Any CPU
		{2BB31F57-18DE-4F98-81E3-F0282AAFDD04}.Release|Any CPU.Build.0 = Release|Any CPU
	EndGlobalSection
	GlobalSection(SolutionProperties) = preSolution
		HideSolutionNode = FALSE
	EndGlobalSection
	GlobalSection(ExtensibilityGlobals) = postSolution
		SolutionGuid = {2C1584F0-7724-4B39-BF97-8854967E1DEF}
	EndGlobalSection
EndGlobal
